
Microsoft Visual Studio Solution File, Format Version 12.00
# Visual Studio Version 17
VisualStudioVersion = 17.11.35312.102
MinimumVisualStudioVersion = 10.0.40219.1
Project("{FAE04EC0-301F-11D3-BF4B-00C04F79EFBC}") = "Parser", "Parser.csproj", "{BEA99553-0540-4C78-A5B0-04AD30A5DE8A}"
EndProject
Global
	GlobalSection(SolutionConfigurationPlatforms) = preSolution
		Debug|Any CPU = Debug|Any CPU
		Release|Any CPU = Release|Any CPU
	EndGlobalSection
	GlobalSection(ProjectConfigurationPlatforms) = postSolution
		{BEA99553-0540-4C78-A5B0-04AD30A5DE8A}.Debug|Any CPU.ActiveCfg = Debug|Any CPU
		{BEA99553-0540-4C78-A5B0-04AD30A5DE8A}.Debug|Any CPU.Build.0 = Debug|Any CPU
		{BEA99553-0540-4C78-A5B0-04AD30A5DE8A}.Release|Any CPU.ActiveCfg = Release|Any CPU
		{BEA99553-0540-4C78-A5B0-04AD30A5DE8A}.Release|Any CPU.Build.0 = Release|Any CPU
	EndGlobalSection
	GlobalSection(SolutionProperties) = preSolution
		HideSolutionNode = FALSE
	EndGlobalSection
	GlobalSection(ExtensibilityGlobals) = postSolution
		SolutionGuid = {A37712AC-5E0B-40B7-832E-FBCEF2B45AEF}
	EndGlobalSection
EndGlobal
